
Microsoft Visual Studio Solution File, Format Version 12.00
# Visual Studio Version 17
VisualStudioVersion = 17.0.31903.59
MinimumVisualStudioVersion = 10.0.40219.1
Project("{FAE04EC0-301F-11D3-BF4B-00C04F79EFBC}") = "Day1", "Day1\Day1.csproj", "{526298DB-58E1-4452-9C1D-214EE7F68E62}"
EndProject
Project("{FAE04EC0-301F-11D3-BF4B-00C04F79EFBC}") = "Day2", "Day2\Day2.csproj", "{08836726-A9E2-47B0-B915-F1D7667AF899}"
EndProject
Project("{FAE04EC0-301F-11D3-BF4B-00C04F79EFBC}") = "Day3", "Day3\Day3.csproj", "{3012EA60-C3E3-449E-A2A4-DE20F3F266C4}"
EndProject
Global
	GlobalSection(SolutionConfigurationPlatforms) = preSolution
		Debug|Any CPU = Debug|Any CPU
		Release|Any CPU = Release|Any CPU
	EndGlobalSection
	GlobalSection(SolutionProperties) = preSolution
		HideSolutionNode = FALSE
	EndGlobalSection
	GlobalSection(ProjectConfigurationPlatforms) = postSolution
		{526298DB-58E1-4452-9C1D-214EE7F68E62}.Debug|Any CPU.ActiveCfg = Debug|Any CPU
		{526298DB-58E1-4452-9C1D-214EE7F68E62}.Debug|Any CPU.Build.0 = Debug|Any CPU
		{526298DB-58E1-4452-9C1D-214EE7F68E62}.Release|Any CPU.ActiveCfg = Release|Any CPU
		{526298DB-58E1-4452-9C1D-214EE7F68E62}.Release|Any CPU.Build.0 = Release|Any CPU
		{08836726-A9E2-47B0-B915-F1D7667AF899}.Debug|Any CPU.ActiveCfg = Debug|Any CPU
		{08836726-A9E2-47B0-B915-F1D7667AF899}.Debug|Any CPU.Build.0 = Debug|Any CPU
		{08836726-A9E2-47B0-B915-F1D7667AF899}.Release|Any CPU.ActiveCfg = Release|Any CPU
		{08836726-A9E2-47B0-B915-F1D7667AF899}.Release|Any CPU.Build.0 = Release|Any CPU
		{3012EA60-C3E3-449E-A2A4-DE20F3F266C4}.Debug|Any CPU.ActiveCfg = Debug|Any CPU
		{3012EA60-C3E3-449E-A2A4-DE20F3F266C4}.Debug|Any CPU.Build.0 = Debug|Any CPU
		{3012EA60-C3E3-449E-A2A4-DE20F3F266C4}.Release|Any CPU.ActiveCfg = Release|Any CPU
		{3012EA60-C3E3-449E-A2A4-DE20F3F266C4}.Release|Any CPU.Build.0 = Release|Any CPU
	EndGlobalSection
EndGlobal
